
Microsoft Visual Studio Solution File, Format Version 12.00
# Visual Studio Version 16
VisualStudioVersion = 16.0.30803.129
MinimumVisualStudioVersion = 10.0.40219.1
Project("{9A19103F-16F7-4668-BE54-9A1E7A4F7556}") = "Identity.Server", "Identity.Server\Identity.Server.csproj", "{896BC78C-3856-41B2-8D54-CC89C014DD49}"
EndProject
Project("{9A19103F-16F7-4668-BE54-9A1E7A4F7556}") = "api", "api\api.csproj", "{8E045BD1-AC5C-4169-A625-5D41ADFF0F34}"
EndProject
Project("{9A19103F-16F7-4668-BE54-9A1E7A4F7556}") = "ClientApi", "ClientApi\ClientApi.csproj", "{C355510D-8F09-4BE7-B584-1F245169C063}"
EndProject
Project("{FAE04EC0-301F-11D3-BF4B-00C04F79EFBC}") = "WebMVC", "WebMVC\WebMVC.csproj", "{C539AF61-9448-4D75-AFAF-E54C8CE0A0BC}"
EndProject
Global
	GlobalSection(SolutionConfigurationPlatforms) = preSolution
		Debug|Any CPU = Debug|Any CPU
		Release|Any CPU = Release|Any CPU
	EndGlobalSection
	GlobalSection(ProjectConfigurationPlatforms) = postSolution
		{896BC78C-3856-41B2-8D54-CC89C014DD49}.Debug|Any CPU.ActiveCfg = Debug|Any CPU
		{896BC78C-3856-41B2-8D54-CC89C014DD49}.Debug|Any CPU.Build.0 = Debug|Any CPU
		{896BC78C-3856-41B2-8D54-CC89C014DD49}.Release|Any CPU.ActiveCfg = Release|Any CPU
		{896BC78C-3856-41B2-8D54-CC89C014DD49}.Release|Any CPU.Build.0 = Release|Any CPU
		{8E045BD1-AC5C-4169-A625-5D41ADFF0F34}.Debug|Any CPU.ActiveCfg = Debug|Any CPU
		{8E045BD1-AC5C-4169-A625-5D41ADFF0F34}.Debug|Any CPU.Build.0 = Debug|Any CPU
		{8E045BD1-AC5C-4169-A625-5D41ADFF0F34}.Release|Any CPU.ActiveCfg = Release|Any CPU
		{8E045BD1-AC5C-4169-A625-5D41ADFF0F34}.Release|Any CPU.Build.0 = Release|Any CPU
		{C355510D-8F09-4BE7-B584-1F245169C063}.Debug|Any CPU.ActiveCfg = Debug|Any CPU
		{C355510D-8F09-4BE7-B584-1F245169C063}.Debug|Any CPU.Build.0 = Debug|Any CPU
		{C355510D-8F09-4BE7-B584-1F245169C063}.Release|Any CPU.ActiveCfg = Release|Any CPU
		{C355510D-8F09-4BE7-B584-1F245169C063}.Release|Any CPU.Build.0 = Release|Any CPU
		{C539AF61-9448-4D75-AFAF-E54C8CE0A0BC}.Debug|Any CPU.ActiveCfg = Debug|Any CPU
		{C539AF61-9448-4D75-AFAF-E54C8CE0A0BC}.Debug|Any CPU.Build.0 = Debug|Any CPU
		{C539AF61-9448-4D75-AFAF-E54C8CE0A0BC}.Release|Any CPU.ActiveCfg = Release|Any CPU
		{C539AF61-9448-4D75-AFAF-E54C8CE0A0BC}.Release|Any CPU.Build.0 = Release|Any CPU
	EndGlobalSection
	GlobalSection(SolutionProperties) = preSolution
		HideSolutionNode = FALSE
	EndGlobalSection
	GlobalSection(ExtensibilityGlobals) = postSolution
		SolutionGuid = {CDE72B92-7FEE-4888-B938-3CC0532DF83D}
	EndGlobalSection
EndGlobal
